// !$*UTF8*$!
{
	archiveVersion = 1;
	classes = {
	};
	objectVersion = 50;
	objects = {

/* Begin PBXBuildFile section */
		72AFFBCC2522B85900E105B9 /* AppDelegate.swift in Sources */ = {isa = PBXBuildFile; fileRef = 72AFFBCB2522B85900E105B9 /* AppDelegate.swift */; };
		72AFFBCE2522B85900E105B9 /* SceneDelegate.swift in Sources */ = {isa = PBXBuildFile; fileRef = 72AFFBCD2522B85900E105B9 /* SceneDelegate.swift */; };
		72AFFBD02522B85900E105B9 /* ViewController.swift in Sources */ = {isa = PBXBuildFile; fileRef = 72AFFBCF2522B85900E105B9 /* ViewController.swift */; };
		72AFFBD32522B85900E105B9 /* Main.storyboard in Resources */ = {isa = PBXBuildFile; fileRef = 72AFFBD12522B85900E105B9 /* Main.storyboard */; };
		72AFFBD52522B85F00E105B9 /* Assets.xcassets in Resources */ = {isa = PBXBuildFile; fileRef = 72AFFBD42522B85F00E105B9 /* Assets.xcassets */; };
		72AFFBD82522B85F00E105B9 /* LaunchScreen.storyboard in Resources */ = {isa = PBXBuildFile; fileRef = 72AFFBD62522B85F00E105B9 /* LaunchScreen.storyboard */; };
		72AFFBE32522B86000E105B9 /* FlixTests.swift in Sources */ = {isa = PBXBuildFile; fileRef = 72AFFBE22522B86000E105B9 /* FlixTests.swift */; };
		72AFFBEE2522B86000E105B9 /* FlixUITests.swift in Sources */ = {isa = PBXBuildFile; fileRef = 72AFFBED2522B86000E105B9 /* FlixUITests.swift */; };
/* End PBXBuildFile section */

/* Begin PBXContainerItemProxy section */
		72AFFBDF2522B86000E105B9 /* PBXContainerItemProxy */ = {
			isa = PBXContainerItemProxy;
			containerPortal = 72AFFBC02522B85900E105B9 /* Project object */;
			proxyType = 1;
			remoteGlobalIDString = 72AFFBC72522B85900E105B9;
			remoteInfo = Flix;
		};
		72AFFBEA2522B86000E105B9 /* PBXContainerItemProxy */ = {
			isa = PBXContainerItemProxy;
			containerPortal = 72AFFBC02522B85900E105B9 /* Project object */;
			proxyType = 1;
			remoteGlobalIDString = 72AFFBC72522B85900E105B9;
			remoteInfo = Flix;
		};
/* End PBXContainerItemProxy section */

/* Begin PBXFileReference section */
		72AFFBC82522B85900E105B9 /* Flix.app */ = {isa = PBXFileReference; explicitFileType = wrapper.application; includeInIndex = 0; path = Flix.app; sourceTree = BUILT_PRODUCTS_DIR; };
		72AFFBCB2522B85900E105B9 /* AppDelegate.swift */ = {isa = PBXFileReference; lastKnownFileType = sourcecode.swift; path = AppDelegate.swift; sourceTree = "<group>"; };
		72AFFBCD2522B85900E105B9 /* SceneDelegate.swift */ = {isa = PBXFileReference; lastKnownFileType = sourcecode.swift; path = SceneDelegate.swift; sourceTree = "<group>"; };
		72AFFBCF2522B85900E105B9 /* ViewController.swift */ = {isa = PBXFileReference; lastKnownFileType = sourcecode.swift; path = ViewController.swift; sourceTree = "<group>"; };
		72AFFBD22522B85900E105B9 /* Base */ = {isa = PBXFileReference; lastKnownFileType = file.storyboard; name = Base; path = Base.lproj/Main.storyboard; sourceTree = "<group>"; };
		72AFFBD42522B85F00E105B9 /* Assets.xcassets */ = {isa = PBXFileReference; lastKnownFileType = folder.assetcatalog; path = Assets.xcassets; sourceTree = "<group>"; };
		72AFFBD72522B85F00E105B9 /* Base */ = {isa = PBXFileReference; lastKnownFileType = file.storyboard; name = Base; path = Base.lproj/LaunchScreen.storyboard; sourceTree = "<group>"; };
		72AFFBD92522B85F00E105B9 /* Info.plist */ = {isa = PBXFileReference; lastKnownFileType = text.plist.xml; path = Info.plist; sourceTree = "<group>"; };
		72AFFBDE2522B86000E105B9 /* FlixTests.xctest */ = {isa = PBXFileReference; explicitFileType = wrapper.cfbundle; includeInIndex = 0; path = FlixTests.xctest; sourceTree = BUILT_PRODUCTS_DIR; };
		72AFFBE22522B86000E105B9 /* FlixTests.swift */ = {isa = PBXFileReference; lastKnownFileType = sourcecode.swift; path = FlixTests.swift; sourceTree = "<group>"; };
		72AFFBE42522B86000E105B9 /* Info.plist */ = {isa = PBXFileReference; lastKnownFileType = text.plist.xml; path = Info.plist; sourceTree = "<group>"; };
		72AFFBE92522B86000E105B9 /* FlixUITests.xctest */ = {isa = PBXFileReference; explicitFileType = wrapper.cfbundle; includeInIndex = 0; path = FlixUITests.xctest; sourceTree = BUILT_PRODUCTS_DIR; };
		72AFFBED2522B86000E105B9 /* FlixUITests.swift */ = {isa = PBXFileReference; lastKnownFileType = sourcecode.swift; path = FlixUITests.swift; sourceTree = "<group>"; };
		72AFFBEF2522B86000E105B9 /* Info.plist */ = {isa = PBXFileReference; lastKnownFileType = text.plist.xml; path = Info.plist; sourceTree = "<group>"; };
/* End PBXFileReference section */

/* Begin PBXFrameworksBuildPhase section */
		72AFFBC52522B85900E105B9 /* Frameworks */ = {
			isa = PBXFrameworksBuildPhase;
			buildActionMask = 2147483647;
			files = (
			);
			runOnlyForDeploymentPostprocessing = 0;
		};
		72AFFBDB2522B86000E105B9 /* Frameworks */ = {
			isa = PBXFrameworksBuildPhase;
			buildActionMask = 2147483647;
			files = (
			);
			runOnlyForDeploymentPostprocessing = 0;
		};
		72AFFBE62522B86000E105B9 /* Frameworks */ = {
			isa = PBXFrameworksBuildPhase;
			buildActionMask = 2147483647;
			files = (
			);
			runOnlyForDeploymentPostprocessing = 0;
		};
/* End PBXFrameworksBuildPhase section */

/* Begin PBXGroup section */
		72AFFBBF2522B85900E105B9 = {
			isa = PBXGroup;
			children = (
				72AFFBCA2522B85900E105B9 /* Flix */,
				72AFFBE12522B86000E105B9 /* FlixTests */,
				72AFFBEC2522B86000E105B9 /* FlixUITests */,
				72AFFBC92522B85900E105B9 /* Products */,
			);
			sourceTree = "<group>";
		};
		72AFFBC92522B85900E105B9 /* Products */ = {
			isa = PBXGroup;
			children = (
				72AFFBC82522B85900E105B9 /* Flix.app */,
				72AFFBDE2522B86000E105B9 /* FlixTests.xctest */,
				72AFFBE92522B86000E105B9 /* FlixUITests.xctest */,
			);
			name = Products;
			sourceTree = "<group>";
		};
		72AFFBCA2522B85900E105B9 /* Flix */ = {
			isa = PBXGroup;
			children = (
				72AFFBCB2522B85900E105B9 /* AppDelegate.swift */,
				72AFFBCD2522B85900E105B9 /* SceneDelegate.swift */,
				72AFFBCF2522B85900E105B9 /* ViewController.swift */,
				72AFFBD12522B85900E105B9 /* Main.storyboard */,
				72AFFBD42522B85F00E105B9 /* Assets.xcassets */,
				72AFFBD62522B85F00E105B9 /* LaunchScreen.storyboard */,
				72AFFBD92522B85F00E105B9 /* Info.plist */,
			);
			path = Flix;
			sourceTree = "<group>";
		};
		72AFFBE12522B86000E105B9 /* FlixTests */ = {
			isa = PBXGroup;
			children = (
				72AFFBE22522B86000E105B9 /* FlixTests.swift */,
				72AFFBE42522B86000E105B9 /* Info.plist */,
			);
			path = FlixTests;
			sourceTree = "<group>";
		};
		72AFFBEC2522B86000E105B9 /* FlixUITests */ = {
			isa = PBXGroup;
			children = (
				72AFFBED2522B86000E105B9 /* FlixUITests.swift */,
				72AFFBEF2522B86000E105B9 /* Info.plist */,
			);
			path = FlixUITests;
			sourceTree = "<group>";
		};
/* End PBXGroup section */

/* Begin PBXNativeTarget section */
		72AFFBC72522B85900E105B9 /* Flix */ = {
			isa = PBXNativeTarget;
			buildConfigurationList = 72AFFBF22522B86000E105B9 /* Build configuration list for PBXNativeTarget "Flix" */;
			buildPhases = (
				72AFFBC42522B85900E105B9 /* Sources */,
				72AFFBC52522B85900E105B9 /* Frameworks */,
				72AFFBC62522B85900E105B9 /* Resources */,
			);
			buildRules = (
			);
			dependencies = (
			);
			name = Flix;
			productName = Flix;
			productReference = 72AFFBC82522B85900E105B9 /* Flix.app */;
			productType = "com.apple.product-type.application";
		};
		72AFFBDD2522B86000E105B9 /* FlixTests */ = {
			isa = PBXNativeTarget;
			buildConfigurationList = 72AFFBF52522B86000E105B9 /* Build configuration list for PBXNativeTarget "FlixTests" */;
			buildPhases = (
				72AFFBDA2522B86000E105B9 /* Sources */,
				72AFFBDB2522B86000E105B9 /* Frameworks */,
				72AFFBDC2522B86000E105B9 /* Resources */,
			);
			buildRules = (
			);
			dependencies = (
				72AFFBE02522B86000E105B9 /* PBXTargetDependency */,
			);
			name = FlixTests;
			productName = FlixTests;
			productReference = 72AFFBDE2522B86000E105B9 /* FlixTests.xctest */;
			productType = "com.apple.product-type.bundle.unit-test";
		};
		72AFFBE82522B86000E105B9 /* FlixUITests */ = {
			isa = PBXNativeTarget;
			buildConfigurationList = 72AFFBF82522B86000E105B9 /* Build configuration list for PBXNativeTarget "FlixUITests" */;
			buildPhases = (
				72AFFBE52522B86000E105B9 /* Sources */,
				72AFFBE62522B86000E105B9 /* Frameworks */,
				72AFFBE72522B86000E105B9 /* Resources */,
			);
			buildRules = (
			);
			dependencies = (
				72AFFBEB2522B86000E105B9 /* PBXTargetDependency */,
			);
			name = FlixUITests;
			productName = FlixUITests;
			productReference = 72AFFBE92522B86000E105B9 /* FlixUITests.xctest */;
			productType = "com.apple.product-type.bundle.ui-testing";
		};
/* End PBXNativeTarget section */

/* Begin PBXProject section */
		72AFFBC02522B85900E105B9 /* Project object */ = {
			isa = PBXProject;
			attributes = {
				LastSwiftUpdateCheck = 1200;
				LastUpgradeCheck = 1200;
				TargetAttributes = {
					72AFFBC72522B85900E105B9 = {
						CreatedOnToolsVersion = 12.0.1;
					};
					72AFFBDD2522B86000E105B9 = {
						CreatedOnToolsVersion = 12.0.1;
						TestTargetID = 72AFFBC72522B85900E105B9;
					};
					72AFFBE82522B86000E105B9 = {
						CreatedOnToolsVersion = 12.0.1;
						TestTargetID = 72AFFBC72522B85900E105B9;
					};
				};
			};
			buildConfigurationList = 72AFFBC32522B85900E105B9 /* Build configuration list for PBXProject "Flix" */;
			compatibilityVersion = "Xcode 9.3";
			developmentRegion = en;
			hasScannedForEncodings = 0;
			knownRegions = (
				en,
				Base,
			);
			mainGroup = 72AFFBBF2522B85900E105B9;
			productRefGroup = 72AFFBC92522B85900E105B9 /* Products */;
			projectDirPath = "";
			projectRoot = "";
			targets = (
				72AFFBC72522B85900E105B9 /* Flix */,
				72AFFBDD2522B86000E105B9 /* FlixTests */,
				72AFFBE82522B86000E105B9 /* FlixUITests */,
			);
		};
/* End PBXProject section */

/* Begin PBXResourcesBuildPhase section */
		72AFFBC62522B85900E105B9 /* Resources */ = {
			isa = PBXResourcesBuildPhase;
			buildActionMask = 2147483647;
			files = (
				72AFFBD82522B85F00E105B9 /* LaunchScreen.storyboard in Resources */,
				72AFFBD52522B85F00E105B9 /* Assets.xcassets in Resources */,
				72AFFBD32522B85900E105B9 /* Main.storyboard in Resources */,
			);
			runOnlyForDeploymentPostprocessing = 0;
		};
		72AFFBDC2522B86000E105B9 /* Resources */ = {
			isa = PBXResourcesBuildPhase;
			buildActionMask = 2147483647;
			files = (
			);
			runOnlyForDeploymentPostprocessing = 0;
		};
		72AFFBE72522B86000E105B9 /* Resources */ = {
			isa = PBXResourcesBuildPhase;
			buildActionMask = 2147483647;
			files = (
			);
			runOnlyForDeploymentPostprocessing = 0;
		};
/* End PBXResourcesBuildPhase section */

/* Begin PBXSourcesBuildPhase section */
		72AFFBC42522B85900E105B9 /* Sources */ = {
			isa = PBXSourcesBuildPhase;
			buildActionMask = 2147483647;
			files = (
				72AFFBD02522B85900E105B9 /* ViewController.swift in Sources */,
				72AFFBCC2522B85900E105B9 /* AppDelegate.swift in Sources */,
				72AFFBCE2522B85900E105B9 /* SceneDelegate.swift in Sources */,
			);
			runOnlyForDeploymentPostprocessing = 0;
		};
		72AFFBDA2522B86000E105B9 /* Sources */ = {
			isa = PBXSourcesBuildPhase;
			buildActionMask = 2147483647;
			files = (
				72AFFBE32522B86000E105B9 /* FlixTests.swift in Sources */,
			);
			runOnlyForDeploymentPostprocessing = 0;
		};
		72AFFBE52522B86000E105B9 /* Sources */ = {
			isa = PBXSourcesBuildPhase;
			buildActionMask = 2147483647;
			files = (
				72AFFBEE2522B86000E105B9 /* FlixUITests.swift in Sources */,
			);
			runOnlyForDeploymentPostprocessing = 0;
		};
/* End PBXSourcesBuildPhase section */

/* Begin PBXTargetDependency section */
		72AFFBE02522B86000E105B9 /* PBXTargetDependency */ = {
			isa = PBXTargetDependency;
			target = 72AFFBC72522B85900E105B9 /* Flix */;
			targetProxy = 72AFFBDF2522B86000E105B9 /* PBXContainerItemProxy */;
		};
		72AFFBEB2522B86000E105B9 /* PBXTargetDependency */ = {
			isa = PBXTargetDependency;
			target = 72AFFBC72522B85900E105B9 /* Flix */;
			targetProxy = 72AFFBEA2522B86000E105B9 /* PBXContainerItemProxy */;
		};
/* End PBXTargetDependency section */

/* Begin PBXVariantGroup section */
		72AFFBD12522B85900E105B9 /* Main.storyboard */ = {
			isa = PBXVariantGroup;
			children = (
				72AFFBD22522B85900E105B9 /* Base */,
			);
			name = Main.storyboard;
			sourceTree = "<group>";
		};
		72AFFBD62522B85F00E105B9 /* LaunchScreen.storyboard */ = {
			isa = PBXVariantGroup;
			children = (
				72AFFBD72522B85F00E105B9 /* Base */,
			);
			name = LaunchScreen.storyboard;
			sourceTree = "<group>";
		};
/* End PBXVariantGroup section */

/* Begin XCBuildConfiguration section */
		72AFFBF02522B86000E105B9 /* Debug */ = {
			isa = XCBuildConfiguration;
			buildSettings = {
				ALWAYS_SEARCH_USER_PATHS = NO;
				CLANG_ANALYZER_NONNULL = YES;
				CLANG_ANALYZER_NUMBER_OBJECT_CONVERSION = YES_AGGRESSIVE;
				CLANG_CXX_LANGUAGE_STANDARD = "gnu++14";
				CLANG_CXX_LIBRARY = "libc++";
				CLANG_ENABLE_MODULES = YES;
				CLANG_ENABLE_OBJC_ARC = YES;
				CLANG_ENABLE_OBJC_WEAK = YES;
				CLANG_WARN_BLOCK_CAPTURE_AUTORELEASING = YES;
				CLANG_WARN_BOOL_CONVERSION = YES;
				CLANG_WARN_COMMA = YES;
				CLANG_WARN_CONSTANT_CONVERSION = YES;
				CLANG_WARN_DEPRECATED_OBJC_IMPLEMENTATIONS = YES;
				CLANG_WARN_DIRECT_OBJC_ISA_USAGE = YES_ERROR;
				CLANG_WARN_DOCUMENTATION_COMMENTS = YES;
				CLANG_WARN_EMPTY_BODY = YES;
				CLANG_WARN_ENUM_CONVERSION = YES;
				CLANG_WARN_INFINITE_RECURSION = YES;
				CLANG_WARN_INT_CONVERSION = YES;
				CLANG_WARN_NON_LITERAL_NULL_CONVERSION = YES;
				CLANG_WARN_OBJC_IMPLICIT_RETAIN_SELF = YES;
				CLANG_WARN_OBJC_LITERAL_CONVERSION = YES;
				CLANG_WARN_OBJC_ROOT_CLASS = YES_ERROR;
				CLANG_WARN_QUOTED_INCLUDE_IN_FRAMEWORK_HEADER = YES;
				CLANG_WARN_RANGE_LOOP_ANALYSIS = YES;
				CLANG_WARN_STRICT_PROTOTYPES = YES;
				CLANG_WARN_SUSPICIOUS_MOVE = YES;
				CLANG_WARN_UNGUARDED_AVAILABILITY = YES_AGGRESSIVE;
				CLANG_WARN_UNREACHABLE_CODE = YES;
				CLANG_WARN__DUPLICATE_METHOD_MATCH = YES;
				COPY_PHASE_STRIP = NO;
				DEBUG_INFORMATION_FORMAT = dwarf;
				ENABLE_STRICT_OBJC_MSGSEND = YES;
				ENABLE_TESTABILITY = YES;
				GCC_C_LANGUAGE_STANDARD = gnu11;
				GCC_DYNAMIC_NO_PIC = NO;
				GCC_NO_COMMON_BLOCKS = YES;
				GCC_OPTIMIZATION_LEVEL = 0;
				GCC_PREPROCESSOR_DEFINITIONS = (
					"DEBUG=1",
					"$(inherited)",
				);
				GCC_WARN_64_TO_32_BIT_CONVERSION = YES;
				GCC_WARN_ABOUT_RETURN_TYPE = YES_ERROR;
				GCC_WARN_UNDECLARED_SELECTOR = YES;
				GCC_WARN_UNINITIALIZED_AUTOS = YES_AGGRESSIVE;
				GCC_WARN_UNUSED_FUNCTION = YES;
				GCC_WARN_UNUSED_VARIABLE = YES;
				IPHONEOS_DEPLOYMENT_TARGET = 14.0;
				MTL_ENABLE_DEBUG_INFO = INCLUDE_SOURCE;
				MTL_FAST_MATH = YES;
				ONLY_ACTIVE_ARCH = YES;
				SDKROOT = iphoneos;
				SWIFT_ACTIVE_COMPILATION_CONDITIONS = DEBUG;
				SWIFT_OPTIMIZATION_LEVEL = "-Onone";
			};
			name = Debug;
		};
		72AFFBF12522B86000E105B9 /* Release */ = {
			isa = XCBuildConfiguration;
			buildSettings = {
				ALWAYS_SEARCH_USER_PATHS = NO;
				CLANG_ANALYZER_NONNULL = YES;
				CLANG_ANALYZER_NUMBER_OBJECT_CONVERSION = YES_AGGRESSIVE;
				CLANG_CXX_LANGUAGE_STANDARD = "gnu++14";
				CLANG_CXX_LIBRARY = "libc++";
				CLANG_ENABLE_MODULES = YES;
				CLANG_ENABLE_OBJC_ARC = YES;
				CLANG_ENABLE_OBJC_WEAK = YES;
				CLANG_WARN_BLOCK_CAPTURE_AUTORELEASING = YES;
				CLANG_WARN_BOOL_CONVERSION = YES;
				CLANG_WARN_COMMA = YES;
				CLANG_WARN_CONSTANT_CONVERSION = YES;
				CLANG_WARN_DEPRECATED_OBJC_IMPLEMENTATIONS = YES;
				CLANG_WARN_DIRECT_OBJC_ISA_USAGE = YES_ERROR;
				CLANG_WARN_DOCUMENTATION_COMMENTS = YES;
				CLANG_WARN_EMPTY_BODY = YES;
				CLANG_WARN_ENUM_CONVERSION = YES;
				CLANG_WARN_INFINITE_RECURSION = YES;
				CLANG_WARN_INT_CONVERSION = YES;
				CLANG_WARN_NON_LITERAL_NULL_CONVERSION = YES;
				CLANG_WARN_OBJC_IMPLICIT_RETAIN_SELF = YES;
				CLANG_WARN_OBJC_LITERAL_CONVERSION = YES;
				CLANG_WARN_OBJC_ROOT_CLASS = YES_ERROR;
				CLANG_WARN_QUOTED_INCLUDE_IN_FRAMEWORK_HEADER = YES;
				CLANG_WARN_RANGE_LOOP_ANALYSIS = YES;
				CLANG_WARN_STRICT_PROTOTYPES = YES;
				CLANG_WARN_SUSPICIOUS_MOVE = YES;
				CLANG_WARN_UNGUARDED_AVAILABILITY = YES_AGGRESSIVE;
				CLANG_WARN_UNREACHABLE_CODE = YES;
				CLANG_WARN__DUPLICATE_METHOD_MATCH = YES;
				COPY_PHASE_STRIP = NO;
				DEBUG_INFORMATION_FORMAT = "dwarf-with-dsym";
				ENABLE_NS_ASSERTIONS = NO;
				ENABLE_STRICT_OBJC_MSGSEND = YES;
				GCC_C_LANGUAGE_STANDARD = gnu11;
				GCC_NO_COMMON_BLOCKS = YES;
				GCC_WARN_64_TO_32_BIT_CONVERSION = YES;
				GCC_WARN_ABOUT_RETURN_TYPE = YES_ERROR;
				GCC_WARN_UNDECLARED_SELECTOR = YES;
				GCC_WARN_UNINITIALIZED_AUTOS = YES_AGGRESSIVE;
				GCC_WARN_UNUSED_FUNCTION = YES;
				GCC_WARN_UNUSED_VARIABLE = YES;
				IPHONEOS_DEPLOYMENT_TARGET = 14.0;
				MTL_ENABLE_DEBUG_INFO = NO;
				MTL_FAST_MATH = YES;
				SDKROOT = iphoneos;
				SWIFT_COMPILATION_MODE = wholemodule;
				SWIFT_OPTIMIZATION_LEVEL = "-O";
				VALIDATE_PRODUCT = YES;
			};
			name = Release;
		};
		72AFFBF32522B86000E105B9 /* Debug */ = {
			isa = XCBuildConfiguration;
			buildSettings = {
				ASSETCATALOG_COMPILER_APPICON_NAME = AppIcon;
				ASSETCATALOG_COMPILER_GLOBAL_ACCENT_COLOR_NAME = AccentColor;
				CODE_SIGN_STYLE = Automatic;
				INFOPLIST_FILE = Flix/Info.plist;
				LD_RUNPATH_SEARCH_PATHS = (
					"$(inherited)",
					"@executable_path/Frameworks",
				);
				PRODUCT_BUNDLE_IDENTIFIER = Sanborng.Flix;
				PRODUCT_NAME = "$(TARGET_NAME)";
				SWIFT_VERSION = 5.0;
				TARGETED_DEVICE_FAMILY = "1,2";
			};
			name = Debug;
		};
		72AFFBF42522B86000E105B9 /* Release */ = {
			isa = XCBuildConfiguration;
			buildSettings = {
				ASSETCATALOG_COMPILER_APPICON_NAME = AppIcon;
				ASSETCATALOG_COMPILER_GLOBAL_ACCENT_COLOR_NAME = AccentColor;
				CODE_SIGN_STYLE = Automatic;
				INFOPLIST_FILE = Flix/Info.plist;
				LD_RUNPATH_SEARCH_PATHS = (
					"$(inherited)",
					"@executable_path/Frameworks",
				);
				PRODUCT_BUNDLE_IDENTIFIER = Sanborng.Flix;
				PRODUCT_NAME = "$(TARGET_NAME)";
				SWIFT_VERSION = 5.0;
				TARGETED_DEVICE_FAMILY = "1,2";
			};
			name = Release;
		};
		72AFFBF62522B86000E105B9 /* Debug */ = {
			isa = XCBuildConfiguration;
			buildSettings = {
				ALWAYS_EMBED_SWIFT_STANDARD_LIBRARIES = YES;
				BUNDLE_LOADER = "$(TEST_HOST)";
				CODE_SIGN_STYLE = Automatic;
				INFOPLIST_FILE = FlixTests/Info.plist;
				IPHONEOS_DEPLOYMENT_TARGET = 14.0;
				LD_RUNPATH_SEARCH_PATHS = (
					"$(inherited)",
					"@executable_path/Frameworks",
					"@loader_path/Frameworks",
				);
				PRODUCT_BUNDLE_IDENTIFIER = Sanborng.FlixTests;
				PRODUCT_NAME = "$(TARGET_NAME)";
				SWIFT_VERSION = 5.0;
				TARGETED_DEVICE_FAMILY = "1,2";
				TEST_HOST = "$(BUILT_PRODUCTS_DIR)/Flix.app/Flix";
			};
			name = Debug;
		};
		72AFFBF72522B86000E105B9 /* Release */ = {
			isa = XCBuildConfiguration;
			buildSettings = {
				ALWAYS_EMBED_SWIFT_STANDARD_LIBRARIES = YES;
				BUNDLE_LOADER = "$(TEST_HOST)";
				CODE_SIGN_STYLE = Automatic;
				INFOPLIST_FILE = FlixTests/Info.plist;
				IPHONEOS_DEPLOYMENT_TARGET = 14.0;
				LD_RUNPATH_SEARCH_PATHS = (
					"$(inherited)",
					"@executable_path/Frameworks",
					"@loader_path/Frameworks",
				);
				PRODUCT_BUNDLE_IDENTIFIER = Sanborng.FlixTests;
				PRODUCT_NAME = "$(TARGET_NAME)";
				SWIFT_VERSION = 5.0;
				TARGETED_DEVICE_FAMILY = "1,2";
				TEST_HOST = "$(BUILT_PRODUCTS_DIR)/Flix.app/Flix";
			};
			name = Release;
		};
		72AFFBF92522B86000E105B9 /* Debug */ = {
			isa = XCBuildConfiguration;
			buildSettings = {
				ALWAYS_EMBED_SWIFT_STANDARD_LIBRARIES = YES;
				CODE_SIGN_STYLE = Automatic;
				INFOPLIST_FILE = FlixUITests/Info.plist;
				LD_RUNPATH_SEARCH_PATHS = (
					"$(inherited)",
					"@executable_path/Frameworks",
					"@loader_path/Frameworks",
				);
				PRODUCT_BUNDLE_IDENTIFIER = Sanborng.FlixUITests;
				PRODUCT_NAME = "$(TARGET_NAME)";
				SWIFT_VERSION = 5.0;
				TARGETED_DEVICE_FAMILY = "1,2";
				TEST_TARGET_NAME = Flix;
			};
			name = Debug;
		};
		72AFFBFA2522B86000E105B9 /* Release */ = {
			isa = XCBuildConfiguration;
			buildSettings = {
				ALWAYS_EMBED_SWIFT_STANDARD_LIBRARIES = YES;
				CODE_SIGN_STYLE = Automatic;
				INFOPLIST_FILE = FlixUITests/Info.plist;
				LD_RUNPATH_SEARCH_PATHS = (
					"$(inherited)",
					"@executable_path/Frameworks",
					"@loader_path/Frameworks",
				);
				PRODUCT_BUNDLE_IDENTIFIER = Sanborng.FlixUITests;
				PRODUCT_NAME = "$(TARGET_NAME)";
				SWIFT_VERSION = 5.0;
				TARGETED_DEVICE_FAMILY = "1,2";
				TEST_TARGET_NAME = Flix;
			};
			name = Release;
		};
/* End XCBuildConfiguration section */

/* Begin XCConfigurationList section */
		72AFFBC32522B85900E105B9 /* Build configuration list for PBXProject "Flix" */ = {
			isa = XCConfigurationList;
			buildConfigurations = (
				72AFFBF02522B86000E105B9 /* Debug */,
				72AFFBF12522B86000E105B9 /* Release */,
			);
			defaultConfigurationIsVisible = 0;
			defaultConfigurationName = Release;
		};
		72AFFBF22522B86000E105B9 /* Build configuration list for PBXNativeTarget "Flix" */ = {
			isa = XCConfigurationList;
			buildConfigurations = (
				72AFFBF32522B86000E105B9 /* Debug */,
				72AFFBF42522B86000E105B9 /* Release */,
			);
			defaultConfigurationIsVisible = 0;
			defaultConfigurationName = Release;
		};
		72AFFBF52522B86000E105B9 /* Build configuration list for PBXNativeTarget "FlixTests" */ = {
			isa = XCConfigurationList;
			buildConfigurations = (
				72AFFBF62522B86000E105B9 /* Debug */,
				72AFFBF72522B86000E105B9 /* Release */,
			);
			defaultConfigurationIsVisible = 0;
			defaultConfigurationName = Release;
		};
		72AFFBF82522B86000E105B9 /* Build configuration list for PBXNativeTarget "FlixUITests" */ = {
			isa = XCConfigurationList;
			buildConfigurations = (
				72AFFBF92522B86000E105B9 /* Debug */,
				72AFFBFA2522B86000E105B9 /* Release */,
			);
			defaultConfigurationIsVisible = 0;
			defaultConfigurationName = Release;
		};
/* End XCConfigurationList section */
	};
	rootObject = 72AFFBC02522B85900E105B9 /* Project object */;
}
